# This file was autogenerated by Stack.
# You should not edit this file by hand.
# For more information, please see the documentation at:
#   https://docs.haskellstack.org/en/stable/lock_files

packages:
- completed:
    hackage: Cabal-3.8.1.0@sha256:155d64beeecbae2b19e5d67844532494af88bc8795d4db4146a0c29296f59967,12220
    pantry-tree:
      sha256: 0df207f33a2167f23ab8192b3c1e5722b60836bcdde18a0b5b24fb85b41c05ef
      size: 8955
  original:
    hackage: Cabal-3.8.1.0@sha256:155d64beeecbae2b19e5d67844532494af88bc8795d4db4146a0c29296f59967,12220
- completed:
    hackage: Cabal-syntax-3.8.1.0@sha256:4936765e9a7a8ecbf8fdbe9067f6d972bc0299220063abb2632a9950af64b966,7619
    pantry-tree:
      sha256: 0471cade235bb93e1fd32630f6d5fa69735a879d2712f47067c51bed0c46d536
      size: 11052
  original:
    hackage: Cabal-syntax-3.8.1.0@sha256:4936765e9a7a8ecbf8fdbe9067f6d972bc0299220063abb2632a9950af64b966,7619
- completed:
    sha256: a2cbcd2f37010a64c4ef74c21fd7e55982a07b49840d2bed306f9bac9981a9c3
    size: 648420
    url: https://raw.githubusercontent.com/commercialhaskell/stackage-snapshots/master/lts/20/0.yaml
  original: lts-20.0
