# This file was autogenerated by Stack.
# You should not edit this file by hand.
# For more information, please see the documentation at:
#   https://docs.haskellstack.org/en/stable/lock_files

packages:
- completed:
    commit: beef09faa9fac949be56766a6de788d4cb948115
    git: https://github.com/sol/hpack
    name: hpack
    pantry-tree:
      sha256: 77a0e107e2c263971811f9230835212b3ae6a45777148fa4c6c3a7f24ab482a4
      size: 4379
    version: 0.35.0
  original:
    commit: beef09faa9fac949be56766a6de788d4cb948115
    git: https://github.com/sol/hpack
- completed:
    commit: ec2048adfaf785e94a8744239bdb9878a99751a6
    git: https://github.com/commercialhaskell/pantry/
    name: pantry
    pantry-tree:
      sha256: b14490e2daeb4bafb2b9c9d136ea25087467936bd9e752d0e92edb95b485a187
      size: 3674
    version: 0.8.0
  original:
    commit: ec2048adfaf785e94a8744239bdb9878a99751a6
    git: https://github.com/commercialhaskell/pantry/
- completed:
    hackage: rio-prettyprint-0.1.4.0@sha256:1f8eb3ead0ef33d3736d53e1de5e9b2c91a0c207cdca23321bd74c401e85f23a,1301
    pantry-tree:
      sha256: 05bb2585e2d93899c62e0b6e1da02d040286b4524d0d363be1c5d99e49ac95bd
      size: 628
  original:
    hackage: rio-prettyprint-0.1.4.0@sha256:1f8eb3ead0ef33d3736d53e1de5e9b2c91a0c207cdca23321bd74c401e85f23a,1301
- completed:
    hackage: fsnotify-0.4.1.0@sha256:44540beabea36aeeef930aa4d5f28091d431904bc9923b6ac4d358831c651235,2854
    pantry-tree:
      sha256: f8e89e81fe0ca6e285036e04b165119ccfc59e7e668c1bfc28927f39062c5949
      size: 1280
  original:
    hackage: fsnotify-0.4.1.0@sha256:44540beabea36aeeef930aa4d5f28091d431904bc9923b6ac4d358831c651235,2854
snapshots:
- completed:
    sha256: a2cbcd2f37010a64c4ef74c21fd7e55982a07b49840d2bed306f9bac9981a9c3
    size: 648420
    url: https://raw.githubusercontent.com/commercialhaskell/stackage-snapshots/master/lts/20/0.yaml
  original: lts-20.0
